# Generated by buf. DO NOT EDIT.
version: v2
deps:
  - name: buf.build/bufbuild/protovalidate
    commit: 50325440f8f24053b047484a6bf60b76
    digest: b5:74cb6f5c0853c3c10aafc701614194bbd63326bdb8ef4068214454b8894b03ba4113e04b3a33a8321cdf05336e37db4dc14a5e2495db8462566914f36086ba31
  - name: buf.build/datakit-dev/dtkt-sdk
    commit: bef5afb4b030483db972bbd0f951db45
    digest: b5:9d237ab7ddc0aac98169387ce69ab3cfd26352f5c33e4a15dd03bcceb424c9485c7504bd1c1241547e35ca0a4185eaae253ebb6f16204a968a4aeefe920155fe
  - name: buf.build/google/cel-spec
    commit: dffb8c8cf7814e96a7c06b6a5ac72fdc
    digest: b5:7a45d8178684f8cdd48df749c1a3cba33408f34ff5e4d7bd78a702b18b6cf8be48fc0b3073f93ab201f4132ecba899e70ea7a414ff7e1422eac077a5361907f5
  - name: buf.build/googleapis/googleapis
    commit: 72c8614f3bd0466ea67931ef2c43d608
    digest: b5:13efeea24e633fd45327390bdee941207a8727e96cf01affb84c1e4100fd8f48a42bbd508df11930cd2884629bafad685df1ac3111bc78cdaefcd38c9371c6b1
